
Microsoft Visual Studio Solution File, Format Version 12.00
# Visual Studio 15
VisualStudioVersion = 15.0.28307.539
MinimumVisualStudioVersion = 10.0.40219.1
Project("{FAE04EC0-301F-11D3-BF4B-00C04F79EFBC}") = "WindowsFormsApp1", "WindowsFormsApp1\WindowsFormsApp1.csproj", "{485BE800-6869-4193-838C-434A56DA083D}"
EndProject
Global
	GlobalSection(SolutionConfigurationPlatforms) = preSolution
		Debug|Any CPU = Debug|Any CPU
		Release|Any CPU = Release|Any CPU
	EndGlobalSection
	GlobalSection(ProjectConfigurationPlatforms) = postSolution
		{485BE800-6869-4193-838C-434A56DA083D}.Debug|Any CPU.ActiveCfg = Debug|Any CPU
		{485BE800-6869-4193-838C-434A56DA083D}.Debug|Any CPU.Build.0 = Debug|Any CPU
		{485BE800-6869-4193-838C-434A56DA083D}.Release|Any CPU.ActiveCfg = Release|Any CPU
		{485BE800-6869-4193-838C-434A56DA083D}.Release|Any CPU.Build.0 = Release|Any CPU
	EndGlobalSection
	GlobalSection(SolutionProperties) = preSolution
		HideSolutionNode = FALSE
	EndGlobalSection
	GlobalSection(ExtensibilityGlobals) = postSolution
		SolutionGuid = {3B4F4CEA-EB56-4BCC-9346-BF7A216EBCBF}
	EndGlobalSection
EndGlobal
